
Microsoft Visual Studio Solution File, Format Version 12.00
# Visual Studio 15
VisualStudioVersion = 15.0.28307.2017
MinimumVisualStudioVersion = 10.0.40219.1
Project("{FAE04EC0-301F-11D3-BF4B-00C04F79EFBC}") = "01快速标注", "ClassLibrary1\01快速标注.csproj", "{946FD94C-845B-4989-A34D-C903364BC4A5}"
EndProject
Global
	GlobalSection(SolutionConfigurationPlatforms) = preSolution
		Debug|Any CPU = Debug|Any CPU
		Release|Any CPU = Release|Any CPU
	EndGlobalSection
	GlobalSection(ProjectConfigurationPlatforms) = postSolution
		{946FD94C-845B-4989-A34D-C903364BC4A5}.Debug|Any CPU.ActiveCfg = Debug|Any CPU
		{946FD94C-845B-4989-A34D-C903364BC4A5}.Debug|Any CPU.Build.0 = Debug|Any CPU
		{946FD94C-845B-4989-A34D-C903364BC4A5}.Release|Any CPU.ActiveCfg = Release|Any CPU
		{946FD94C-845B-4989-A34D-C903364BC4A5}.Release|Any CPU.Build.0 = Release|Any CPU
	EndGlobalSection
	GlobalSection(SolutionProperties) = preSolution
		HideSolutionNode = FALSE
	EndGlobalSection
	GlobalSection(ExtensibilityGlobals) = postSolution
		SolutionGuid = {B76F6D77-FD43-480B-9A2F-C0CCAEE413B8}
	EndGlobalSection
EndGlobal
